
Microsoft Visual Studio Solution File, Format Version 12.00
# Visual Studio Version 17
VisualStudioVersion = 17.0.31612.314
MinimumVisualStudioVersion = 10.0.40219.1
Project("{FAE04EC0-301F-11D3-BF4B-00C04F79EFBC}") = "DiscordModNotifiyer", "DiscordModNotifiyer\DiscordModNotifiyer.csproj", "{F3EB16D4-D43F-4B30-9EF6-D0F4407D08BF}"
EndProject
Global
	GlobalSection(SolutionConfigurationPlatforms) = preSolution
		Debug|Any CPU = Debug|Any CPU
		Release|Any CPU = Release|Any CPU
	EndGlobalSection
	GlobalSection(ProjectConfigurationPlatforms) = postSolution
		{F3EB16D4-D43F-4B30-9EF6-D0F4407D08BF}.Debug|Any CPU.ActiveCfg = Debug|Any CPU
		{F3EB16D4-D43F-4B30-9EF6-D0F4407D08BF}.Debug|Any CPU.Build.0 = Debug|Any CPU
		{F3EB16D4-D43F-4B30-9EF6-D0F4407D08BF}.Release|Any CPU.ActiveCfg = Release|Any CPU
		{F3EB16D4-D43F-4B30-9EF6-D0F4407D08BF}.Release|Any CPU.Build.0 = Release|Any CPU
	EndGlobalSection
	GlobalSection(SolutionProperties) = preSolution
		HideSolutionNode = FALSE
	EndGlobalSection
	GlobalSection(ExtensibilityGlobals) = postSolution
		SolutionGuid = {0A0B64F9-FB20-4EF2-8D87-2921BD3980D8}
	EndGlobalSection
EndGlobal
